
Microsoft Visual Studio Solution File, Format Version 12.00
# Visual Studio 15
VisualStudioVersion = 15.0.28307.902
MinimumVisualStudioVersion = 10.0.40219.1
Project("{FAE04EC0-301F-11D3-BF4B-00C04F79EFBC}") = "ServerExe", "ServerExe\ServerExe.csproj", "{95467ECA-EDC4-472B-9AEA-798971DFFD22}"
EndProject
Global
	GlobalSection(SolutionConfigurationPlatforms) = preSolution
		Debug|Any CPU = Debug|Any CPU
		Release|Any CPU = Release|Any CPU
	EndGlobalSection
	GlobalSection(ProjectConfigurationPlatforms) = postSolution
		{95467ECA-EDC4-472B-9AEA-798971DFFD22}.Debug|Any CPU.ActiveCfg = Debug|Any CPU
		{95467ECA-EDC4-472B-9AEA-798971DFFD22}.Debug|Any CPU.Build.0 = Debug|Any CPU
		{95467ECA-EDC4-472B-9AEA-798971DFFD22}.Release|Any CPU.ActiveCfg = Release|Any CPU
		{95467ECA-EDC4-472B-9AEA-798971DFFD22}.Release|Any CPU.Build.0 = Release|Any CPU
	EndGlobalSection
	GlobalSection(SolutionProperties) = preSolution
		HideSolutionNode = FALSE
	EndGlobalSection
	GlobalSection(ExtensibilityGlobals) = postSolution
		SolutionGuid = {CDA767DE-C1E9-4F49-BAC1-37B4DC6A8F5F}
	EndGlobalSection
EndGlobal
